
Microsoft Visual Studio Solution File, Format Version 12.00
# Visual Studio Version 17
VisualStudioVersion = 17.13.35931.197
MinimumVisualStudioVersion = 10.0.40219.1
Project("{FAE04EC0-301F-11D3-BF4B-00C04F79EFBC}") = "MilAccess", "MilAccess\MilAccess.csproj", "{FA85446C-F166-4282-90AA-CCA4CB52BF6B}"
EndProject
Global
	GlobalSection(SolutionConfigurationPlatforms) = preSolution
		Debug|Any CPU = Debug|Any CPU
		Release|Any CPU = Release|Any CPU
	EndGlobalSection
	GlobalSection(ProjectConfigurationPlatforms) = postSolution
		{FA85446C-F166-4282-90AA-CCA4CB52BF6B}.Debug|Any CPU.ActiveCfg = Debug|Any CPU
		{FA85446C-F166-4282-90AA-CCA4CB52BF6B}.Debug|Any CPU.Build.0 = Debug|Any CPU
		{FA85446C-F166-4282-90AA-CCA4CB52BF6B}.Release|Any CPU.ActiveCfg = Release|Any CPU
		{FA85446C-F166-4282-90AA-CCA4CB52BF6B}.Release|Any CPU.Build.0 = Release|Any CPU
	EndGlobalSection
	GlobalSection(SolutionProperties) = preSolution
		HideSolutionNode = FALSE
	EndGlobalSection
	GlobalSection(ExtensibilityGlobals) = postSolution
		SolutionGuid = {B1C8F9E8-B271-416E-AA31-F544C6F39EB2}
	EndGlobalSection
EndGlobal
